{
  "originHash" : "04dd3cef95017818f20524b621f7eb953574d69c9abba39014b15f397f9b8ac0",
  "pins" : [
    {
      "identity" : "rcpmaterialparameters",
      "kind" : "remoteSourceControl",
      "location" : "https://github.com/banjun/RCPMaterialParameters",
      "state" : {
        "branch" : "main",
        "revision" : "715f9fef6715e0b4e58d2db66bbe74cea10d8b3b"
      }
    },
    {
      "identity" : "swifthotreload",
      "kind" : "remoteSourceControl",
      "location" : "https://github.com/banjun/SwiftHotReload",
      "state" : {
        "revision" : "a008da91686f5c714847adff770d33f398d0afdd",
        "version" : "0.2.1"
      }
    },
    {
      "identity" : "uibezierpath-superpowers",
      "kind" : "remoteSourceControl",
      "location" : "https://github.com/CodingMeSwiftly/UIBezierPath-Superpowers",
      "state" : {
        "branch" : "master",
        "revision" : "9f2df3e2350a2b86e2c72e992c9c971c74ae4600"
      }
    }
  ],
  "version" : 3
}
