{
  "originHash" : "478183ee7def79bdf0318d89c6b136d9fcf30e86251fbd3a187bd3210218af70",
  "pins" : [
    {
      "identity" : "rcpmaterialparameters",
      "kind" : "remoteSourceControl",
      "location" : "https://github.com/banjun/RCPMaterialParameters",
      "state" : {
        "revision" : "8d480d596ef49dc2bfec83219f429bc2402ccfc2",
        "version" : "0.0.2"
      }
    },
    {
      "identity" : "swifthotreload",
      "kind" : "remoteSourceControl",
      "location" : "https://github.com/banjun/SwiftHotReload",
      "state" : {
        "branch" : "xcode26.4",
        "revision" : "2f101acd5ff95f76ad00a38b32849928f43432f4"
      }
    },
    {
      "identity" : "uibezierpath-superpowers",
      "kind" : "remoteSourceControl",
      "location" : "https://github.com/CodingMeSwiftly/UIBezierPath-Superpowers",
      "state" : {
        "branch" : "master",
        "revision" : "9f2df3e2350a2b86e2c72e992c9c971c74ae4600"
      }
    }
  ],
  "version" : 3
}
