// !$*UTF8*$!
{
	archiveVersion = 1;
	classes = {
	};
	objectVersion = 56;
	objects = {

/* Begin PBXBuildFile section */
		EA0E7C7B2CA061CF00669567 /* banjun-arisu-v2.psd.png in Resources */ = {isa = PBXBuildFile; fileRef = EA0E7C792CA061CF00669567 /* banjun-arisu-v2.psd.png */; };
		EA0E7C7C2CA061CF00669567 /* gakumas-arisu.png in Resources */ = {isa = PBXBuildFile; fileRef = EA0E7C7A2CA061CF00669567 /* gakumas-arisu.png */; };
		EA2197992BAC520E001F86DB /* AcrylStandApp.swift in Sources */ = {isa = PBXBuildFile; fileRef = EA2197982BAC520E001F86DB /* AcrylStandApp.swift */; };
		EA21979B2BAC520E001F86DB /* ContentView.swift in Sources */ = {isa = PBXBuildFile; fileRef = EA21979A2BAC520E001F86DB /* ContentView.swift */; };
		EA21979D2BAC5210001F86DB /* Assets.xcassets in Resources */ = {isa = PBXBuildFile; fileRef = EA21979C2BAC5210001F86DB /* Assets.xcassets */; };
		EA2197A02BAC5210001F86DB /* Preview Assets.xcassets in Resources */ = {isa = PBXBuildFile; fileRef = EA21979F2BAC5210001F86DB /* Preview Assets.xcassets */; };
		EA2197A82BAC5675001F86DB /* ImageView.swift in Sources */ = {isa = PBXBuildFile; fileRef = EA2197A72BAC5675001F86DB /* ImageView.swift */; };
		EA2197AA2BAC5740001F86DB /* WindowSceneReader.swift in Sources */ = {isa = PBXBuildFile; fileRef = EA2197A92BAC5740001F86DB /* WindowSceneReader.swift */; };
		EA2307A42C9FE27000377565 /* Acryl in Frameworks */ = {isa = PBXBuildFile; productRef = EA2307A32C9FE27000377565 /* Acryl */; };
		EA5FABAD2C40170A0020721F /* SwiftHotReload in Frameworks */ = {isa = PBXBuildFile; productRef = EA5FABAC2C40170A0020721F /* SwiftHotReload */; };
		EA7852F02C688EDF00357790 /* ImageModel.swift in Sources */ = {isa = PBXBuildFile; fileRef = EA7852EF2C688EDF00357790 /* ImageModel.swift */; };
		EA8197DF2BCC269100EFE812 /* Experimental.swift in Sources */ = {isa = PBXBuildFile; fileRef = EA8197DE2BCC269100EFE812 /* Experimental.swift */; };
		EA948C642CA89B4C0003C933 /* UIBezierPath-Superpowers in Frameworks */ = {isa = PBXBuildFile; productRef = EA948C632CA89B4C0003C933 /* UIBezierPath-Superpowers */; };
		EAB6574C2C8D76320019D3C7 /* AcrylEntity.swift in Sources */ = {isa = PBXBuildFile; fileRef = EAB6574B2C8D76320019D3C7 /* AcrylEntity.swift */; };
		EAB6574E2C8D93470019D3C7 /* USDA.swift in Sources */ = {isa = PBXBuildFile; fileRef = EAB6574D2C8D93470019D3C7 /* USDA.swift */; };
/* End PBXBuildFile section */

/* Begin PBXFileReference section */
		EA0E7C792CA061CF00669567 /* banjun-arisu-v2.psd.png */ = {isa = PBXFileReference; lastKnownFileType = image.png; path = "banjun-arisu-v2.psd.png"; sourceTree = "<group>"; };
		EA0E7C7A2CA061CF00669567 /* gakumas-arisu.png */ = {isa = PBXFileReference; lastKnownFileType = image.png; path = "gakumas-arisu.png"; sourceTree = "<group>"; };
		EA2197912BAC520E001F86DB /* AcrylStand.app */ = {isa = PBXFileReference; explicitFileType = wrapper.application; includeInIndex = 0; path = AcrylStand.app; sourceTree = BUILT_PRODUCTS_DIR; };
		EA2197982BAC520E001F86DB /* AcrylStandApp.swift */ = {isa = PBXFileReference; lastKnownFileType = sourcecode.swift; path = AcrylStandApp.swift; sourceTree = "<group>"; };
		EA21979A2BAC520E001F86DB /* ContentView.swift */ = {isa = PBXFileReference; lastKnownFileType = sourcecode.swift; path = ContentView.swift; sourceTree = "<group>"; };
		EA21979C2BAC5210001F86DB /* Assets.xcassets */ = {isa = PBXFileReference; lastKnownFileType = folder.assetcatalog; path = Assets.xcassets; sourceTree = "<group>"; };
		EA21979F2BAC5210001F86DB /* Preview Assets.xcassets */ = {isa = PBXFileReference; lastKnownFileType = folder.assetcatalog; path = "Preview Assets.xcassets"; sourceTree = "<group>"; };
		EA2197A12BAC5210001F86DB /* Info.plist */ = {isa = PBXFileReference; lastKnownFileType = text.plist.xml; path = Info.plist; sourceTree = "<group>"; };
		EA2197A72BAC5675001F86DB /* ImageView.swift */ = {isa = PBXFileReference; lastKnownFileType = sourcecode.swift; path = ImageView.swift; sourceTree = "<group>"; };
		EA2197A92BAC5740001F86DB /* WindowSceneReader.swift */ = {isa = PBXFileReference; fileEncoding = 4; lastKnownFileType = sourcecode.swift; path = WindowSceneReader.swift; sourceTree = "<group>"; };
		EA2307A12C9FE0B800377565 /* Acryl */ = {isa = PBXFileReference; lastKnownFileType = wrapper; name = Acryl; path = AcrylStand/Acryl; sourceTree = SOURCE_ROOT; };
		EA5FABAE2C4017130020721F /* RuntimeOverride.swift */ = {isa = PBXFileReference; lastKnownFileType = sourcecode.swift; path = RuntimeOverride.swift; sourceTree = "<group>"; };
		EA7852EF2C688EDF00357790 /* ImageModel.swift */ = {isa = PBXFileReference; lastKnownFileType = sourcecode.swift; path = ImageModel.swift; sourceTree = "<group>"; };
		EA8197DE2BCC269100EFE812 /* Experimental.swift */ = {isa = PBXFileReference; lastKnownFileType = sourcecode.swift; path = Experimental.swift; sourceTree = "<group>"; };
		EAB6574B2C8D76320019D3C7 /* AcrylEntity.swift */ = {isa = PBXFileReference; lastKnownFileType = sourcecode.swift; path = AcrylEntity.swift; sourceTree = "<group>"; };
		EAB6574D2C8D93470019D3C7 /* USDA.swift */ = {isa = PBXFileReference; lastKnownFileType = sourcecode.swift; path = USDA.swift; sourceTree = "<group>"; };
/* End PBXFileReference section */

/* Begin PBXFrameworksBuildPhase section */
		EA21978E2BAC520E001F86DB /* Frameworks */ = {
			isa = PBXFrameworksBuildPhase;
			buildActionMask = 2147483647;
			files = (
				EA2307A42C9FE27000377565 /* Acryl in Frameworks */,
				EA948C642CA89B4C0003C933 /* UIBezierPath-Superpowers in Frameworks */,
				EA5FABAD2C40170A0020721F /* SwiftHotReload in Frameworks */,
			);
			runOnlyForDeploymentPostprocessing = 0;
		};
/* End PBXFrameworksBuildPhase section */

/* Begin PBXGroup section */
		EA2197882BAC520E001F86DB = {
			isa = PBXGroup;
			children = (
				EA2197932BAC520E001F86DB /* AcrylStand */,
				EA2307A12C9FE0B800377565 /* Acryl */,
				EA2307A22C9FE27000377565 /* Frameworks */,
				EA2197922BAC520E001F86DB /* Products */,
			);
			sourceTree = "<group>";
		};
		EA2197922BAC520E001F86DB /* Products */ = {
			isa = PBXGroup;
			children = (
				EA2197912BAC520E001F86DB /* AcrylStand.app */,
			);
			name = Products;
			sourceTree = "<group>";
		};
		EA2197932BAC520E001F86DB /* AcrylStand */ = {
			isa = PBXGroup;
			children = (
				EA5FABAE2C4017130020721F /* RuntimeOverride.swift */,
				EA2197982BAC520E001F86DB /* AcrylStandApp.swift */,
				EA21979A2BAC520E001F86DB /* ContentView.swift */,
				EA2197A72BAC5675001F86DB /* ImageView.swift */,
				EAB6574B2C8D76320019D3C7 /* AcrylEntity.swift */,
				EAB6574D2C8D93470019D3C7 /* USDA.swift */,
				EA7852EF2C688EDF00357790 /* ImageModel.swift */,
				EA8197DE2BCC269100EFE812 /* Experimental.swift */,
				EA2197A92BAC5740001F86DB /* WindowSceneReader.swift */,
				EA21979C2BAC5210001F86DB /* Assets.xcassets */,
				EA2197A12BAC5210001F86DB /* Info.plist */,
				EA0E7C792CA061CF00669567 /* banjun-arisu-v2.psd.png */,
				EA0E7C7A2CA061CF00669567 /* gakumas-arisu.png */,
				EA21979E2BAC5210001F86DB /* Preview Content */,
			);
			path = AcrylStand;
			sourceTree = "<group>";
		};
		EA21979E2BAC5210001F86DB /* Preview Content */ = {
			isa = PBXGroup;
			children = (
				EA21979F2BAC5210001F86DB /* Preview Assets.xcassets */,
			);
			path = "Preview Content";
			sourceTree = "<group>";
		};
		EA2307A22C9FE27000377565 /* Frameworks */ = {
			isa = PBXGroup;
			children = (
			);
			name = Frameworks;
			sourceTree = "<group>";
		};
/* End PBXGroup section */

/* Begin PBXNativeTarget section */
		EA2197902BAC520E001F86DB /* AcrylStand */ = {
			isa = PBXNativeTarget;
			buildConfigurationList = EA2197A42BAC5210001F86DB /* Build configuration list for PBXNativeTarget "AcrylStand" */;
			buildPhases = (
				EA21978D2BAC520E001F86DB /* Sources */,
				EA21978E2BAC520E001F86DB /* Frameworks */,
				EA21978F2BAC520E001F86DB /* Resources */,
			);
			buildRules = (
			);
			dependencies = (
			);
			name = AcrylStand;
			packageProductDependencies = (
				EA5FABAC2C40170A0020721F /* SwiftHotReload */,
				EA2307A32C9FE27000377565 /* Acryl */,
				EA948C632CA89B4C0003C933 /* UIBezierPath-Superpowers */,
			);
			productName = AcrylStand;
			productReference = EA2197912BAC520E001F86DB /* AcrylStand.app */;
			productType = "com.apple.product-type.application";
		};
/* End PBXNativeTarget section */

/* Begin PBXProject section */
		EA2197892BAC520E001F86DB /* Project object */ = {
			isa = PBXProject;
			attributes = {
				BuildIndependentTargetsInParallel = 1;
				LastSwiftUpdateCheck = 1530;
				LastUpgradeCheck = 1530;
				TargetAttributes = {
					EA2197902BAC520E001F86DB = {
						CreatedOnToolsVersion = 15.3;
					};
				};
			};
			buildConfigurationList = EA21978C2BAC520E001F86DB /* Build configuration list for PBXProject "AcrylStand" */;
			compatibilityVersion = "Xcode 14.0";
			developmentRegion = en;
			hasScannedForEncodings = 0;
			knownRegions = (
				en,
				Base,
			);
			mainGroup = EA2197882BAC520E001F86DB;
			packageReferences = (
				EA5FABAB2C40170A0020721F /* XCRemoteSwiftPackageReference "SwiftHotReload" */,
				EA948C622CA89B4C0003C933 /* XCRemoteSwiftPackageReference "UIBezierPath-Superpowers" */,
			);
			productRefGroup = EA2197922BAC520E001F86DB /* Products */;
			projectDirPath = "";
			projectRoot = "";
			targets = (
				EA2197902BAC520E001F86DB /* AcrylStand */,
			);
		};
/* End PBXProject section */

/* Begin PBXResourcesBuildPhase section */
		EA21978F2BAC520E001F86DB /* Resources */ = {
			isa = PBXResourcesBuildPhase;
			buildActionMask = 2147483647;
			files = (
				EA2197A02BAC5210001F86DB /* Preview Assets.xcassets in Resources */,
				EA0E7C7B2CA061CF00669567 /* banjun-arisu-v2.psd.png in Resources */,
				EA0E7C7C2CA061CF00669567 /* gakumas-arisu.png in Resources */,
				EA21979D2BAC5210001F86DB /* Assets.xcassets in Resources */,
			);
			runOnlyForDeploymentPostprocessing = 0;
		};
/* End PBXResourcesBuildPhase section */

/* Begin PBXSourcesBuildPhase section */
		EA21978D2BAC520E001F86DB /* Sources */ = {
			isa = PBXSourcesBuildPhase;
			buildActionMask = 2147483647;
			files = (
				EA2197A82BAC5675001F86DB /* ImageView.swift in Sources */,
				EA21979B2BAC520E001F86DB /* ContentView.swift in Sources */,
				EA2197992BAC520E001F86DB /* AcrylStandApp.swift in Sources */,
				EAB6574C2C8D76320019D3C7 /* AcrylEntity.swift in Sources */,
				EA8197DF2BCC269100EFE812 /* Experimental.swift in Sources */,
				EAB6574E2C8D93470019D3C7 /* USDA.swift in Sources */,
				EA2197AA2BAC5740001F86DB /* WindowSceneReader.swift in Sources */,
				EA7852F02C688EDF00357790 /* ImageModel.swift in Sources */,
			);
			runOnlyForDeploymentPostprocessing = 0;
		};
/* End PBXSourcesBuildPhase section */

/* Begin XCBuildConfiguration section */
		EA2197A22BAC5210001F86DB /* Debug */ = {
			isa = XCBuildConfiguration;
			buildSettings = {
				ALWAYS_SEARCH_USER_PATHS = NO;
				ASSETCATALOG_COMPILER_GENERATE_SWIFT_ASSET_SYMBOL_EXTENSIONS = YES;
				CLANG_ANALYZER_NONNULL = YES;
				CLANG_ANALYZER_NUMBER_OBJECT_CONVERSION = YES_AGGRESSIVE;
				CLANG_CXX_LANGUAGE_STANDARD = "gnu++20";
				CLANG_ENABLE_MODULES = YES;
				CLANG_ENABLE_OBJC_ARC = YES;
				CLANG_ENABLE_OBJC_WEAK = YES;
				CLANG_WARN_BLOCK_CAPTURE_AUTORELEASING = YES;
				CLANG_WARN_BOOL_CONVERSION = YES;
				CLANG_WARN_COMMA = YES;
				CLANG_WARN_CONSTANT_CONVERSION = YES;
				CLANG_WARN_DEPRECATED_OBJC_IMPLEMENTATIONS = YES;
				CLANG_WARN_DIRECT_OBJC_ISA_USAGE = YES_ERROR;
				CLANG_WARN_DOCUMENTATION_COMMENTS = YES;
				CLANG_WARN_EMPTY_BODY = YES;
				CLANG_WARN_ENUM_CONVERSION = YES;
				CLANG_WARN_INFINITE_RECURSION = YES;
				CLANG_WARN_INT_CONVERSION = YES;
				CLANG_WARN_NON_LITERAL_NULL_CONVERSION = YES;
				CLANG_WARN_OBJC_IMPLICIT_RETAIN_SELF = YES;
				CLANG_WARN_OBJC_LITERAL_CONVERSION = YES;
				CLANG_WARN_OBJC_ROOT_CLASS = YES_ERROR;
				CLANG_WARN_QUOTED_INCLUDE_IN_FRAMEWORK_HEADER = YES;
				CLANG_WARN_RANGE_LOOP_ANALYSIS = YES;
				CLANG_WARN_STRICT_PROTOTYPES = YES;
				CLANG_WARN_SUSPICIOUS_MOVE = YES;
				CLANG_WARN_UNGUARDED_AVAILABILITY = YES_AGGRESSIVE;
				CLANG_WARN_UNREACHABLE_CODE = YES;
				CLANG_WARN__DUPLICATE_METHOD_MATCH = YES;
				COPY_PHASE_STRIP = NO;
				DEBUG_INFORMATION_FORMAT = dwarf;
				ENABLE_STRICT_OBJC_MSGSEND = YES;
				ENABLE_TESTABILITY = YES;
				ENABLE_USER_SCRIPT_SANDBOXING = YES;
				GCC_C_LANGUAGE_STANDARD = gnu17;
				GCC_DYNAMIC_NO_PIC = NO;
				GCC_NO_COMMON_BLOCKS = YES;
				GCC_OPTIMIZATION_LEVEL = 0;
				GCC_PREPROCESSOR_DEFINITIONS = (
					"DEBUG=1",
					"$(inherited)",
				);
				GCC_WARN_64_TO_32_BIT_CONVERSION = YES;
				GCC_WARN_ABOUT_RETURN_TYPE = YES_ERROR;
				GCC_WARN_UNDECLARED_SELECTOR = YES;
				GCC_WARN_UNINITIALIZED_AUTOS = YES_AGGRESSIVE;
				GCC_WARN_UNUSED_FUNCTION = YES;
				GCC_WARN_UNUSED_VARIABLE = YES;
				LOCALIZATION_PREFERS_STRING_CATALOGS = YES;
				MTL_ENABLE_DEBUG_INFO = INCLUDE_SOURCE;
				MTL_FAST_MATH = YES;
				ONLY_ACTIVE_ARCH = YES;
				SDKROOT = xros;
				SWIFT_ACTIVE_COMPILATION_CONDITIONS = "DEBUG $(inherited)";
				SWIFT_OPTIMIZATION_LEVEL = "-Onone";
				XROS_DEPLOYMENT_TARGET = 1.1;
			};
			name = Debug;
		};
		EA2197A32BAC5210001F86DB /* Release */ = {
			isa = XCBuildConfiguration;
			buildSettings = {
				ALWAYS_SEARCH_USER_PATHS = NO;
				ASSETCATALOG_COMPILER_GENERATE_SWIFT_ASSET_SYMBOL_EXTENSIONS = YES;
				CLANG_ANALYZER_NONNULL = YES;
				CLANG_ANALYZER_NUMBER_OBJECT_CONVERSION = YES_AGGRESSIVE;
				CLANG_CXX_LANGUAGE_STANDARD = "gnu++20";
				CLANG_ENABLE_MODULES = YES;
				CLANG_ENABLE_OBJC_ARC = YES;
				CLANG_ENABLE_OBJC_WEAK = YES;
				CLANG_WARN_BLOCK_CAPTURE_AUTORELEASING = YES;
				CLANG_WARN_BOOL_CONVERSION = YES;
				CLANG_WARN_COMMA = YES;
				CLANG_WARN_CONSTANT_CONVERSION = YES;
				CLANG_WARN_DEPRECATED_OBJC_IMPLEMENTATIONS = YES;
				CLANG_WARN_DIRECT_OBJC_ISA_USAGE = YES_ERROR;
				CLANG_WARN_DOCUMENTATION_COMMENTS = YES;
				CLANG_WARN_EMPTY_BODY = YES;
				CLANG_WARN_ENUM_CONVERSION = YES;
				CLANG_WARN_INFINITE_RECURSION = YES;
				CLANG_WARN_INT_CONVERSION = YES;
				CLANG_WARN_NON_LITERAL_NULL_CONVERSION = YES;
				CLANG_WARN_OBJC_IMPLICIT_RETAIN_SELF = YES;
				CLANG_WARN_OBJC_LITERAL_CONVERSION = YES;
				CLANG_WARN_OBJC_ROOT_CLASS = YES_ERROR;
				CLANG_WARN_QUOTED_INCLUDE_IN_FRAMEWORK_HEADER = YES;
				CLANG_WARN_RANGE_LOOP_ANALYSIS = YES;
				CLANG_WARN_STRICT_PROTOTYPES = YES;
				CLANG_WARN_SUSPICIOUS_MOVE = YES;
				CLANG_WARN_UNGUARDED_AVAILABILITY = YES_AGGRESSIVE;
				CLANG_WARN_UNREACHABLE_CODE = YES;
				CLANG_WARN__DUPLICATE_METHOD_MATCH = YES;
				COPY_PHASE_STRIP = NO;
				DEBUG_INFORMATION_FORMAT = "dwarf-with-dsym";
				ENABLE_NS_ASSERTIONS = NO;
				ENABLE_STRICT_OBJC_MSGSEND = YES;
				ENABLE_USER_SCRIPT_SANDBOXING = YES;
				GCC_C_LANGUAGE_STANDARD = gnu17;
				GCC_NO_COMMON_BLOCKS = YES;
				GCC_WARN_64_TO_32_BIT_CONVERSION = YES;
				GCC_WARN_ABOUT_RETURN_TYPE = YES_ERROR;
				GCC_WARN_UNDECLARED_SELECTOR = YES;
				GCC_WARN_UNINITIALIZED_AUTOS = YES_AGGRESSIVE;
				GCC_WARN_UNUSED_FUNCTION = YES;
				GCC_WARN_UNUSED_VARIABLE = YES;
				LOCALIZATION_PREFERS_STRING_CATALOGS = YES;
				MTL_ENABLE_DEBUG_INFO = NO;
				MTL_FAST_MATH = YES;
				SDKROOT = xros;
				SWIFT_COMPILATION_MODE = wholemodule;
				VALIDATE_PRODUCT = YES;
				XROS_DEPLOYMENT_TARGET = 1.1;
			};
			name = Release;
		};
		EA2197A52BAC5210001F86DB /* Debug */ = {
			isa = XCBuildConfiguration;
			buildSettings = {
				ASSETCATALOG_COMPILER_APPICON_NAME = AppIcon;
				ASSETCATALOG_COMPILER_GLOBAL_ACCENT_COLOR_NAME = AccentColor;
				CODE_SIGN_STYLE = Automatic;
				CURRENT_PROJECT_VERSION = 1;
				DEVELOPMENT_ASSET_PATHS = "\"AcrylStand/Preview Content\"";
				DEVELOPMENT_TEAM = FPZK4WRGW7;
				ENABLE_PREVIEWS = YES;
				GENERATE_INFOPLIST_FILE = YES;
				INFOPLIST_FILE = "$(TARGET_NAME)/Info.plist";
				LD_RUNPATH_SEARCH_PATHS = (
					"$(inherited)",
					"@executable_path/Frameworks",
				);
				MARKETING_VERSION = 1.0;
				OTHER_SWIFT_FLAGS = "-Xfrontend -enable-implicit-dynamic -enable-private-imports";
				PRODUCT_BUNDLE_IDENTIFIER = jp.banjun.AcrylStand;
				PRODUCT_NAME = "$(TARGET_NAME)";
				SUPPORTED_PLATFORMS = "xros xrsimulator";
				SWIFT_EMIT_LOC_STRINGS = YES;
				SWIFT_VERSION = 6.0;
				TARGETED_DEVICE_FAMILY = "1,2,7";
				XROS_DEPLOYMENT_TARGET = 1.2;
			};
			name = Debug;
		};
		EA2197A62BAC5210001F86DB /* Release */ = {
			isa = XCBuildConfiguration;
			buildSettings = {
				ASSETCATALOG_COMPILER_APPICON_NAME = AppIcon;
				ASSETCATALOG_COMPILER_GLOBAL_ACCENT_COLOR_NAME = AccentColor;
				CODE_SIGN_STYLE = Automatic;
				CURRENT_PROJECT_VERSION = 1;
				DEVELOPMENT_ASSET_PATHS = "\"AcrylStand/Preview Content\"";
				DEVELOPMENT_TEAM = FPZK4WRGW7;
				ENABLE_PREVIEWS = YES;
				GENERATE_INFOPLIST_FILE = YES;
				INFOPLIST_FILE = "$(TARGET_NAME)/Info.plist";
				LD_RUNPATH_SEARCH_PATHS = (
					"$(inherited)",
					"@executable_path/Frameworks",
				);
				MARKETING_VERSION = 1.0;
				OTHER_SWIFT_FLAGS = "";
				PRODUCT_BUNDLE_IDENTIFIER = jp.banjun.AcrylStand;
				PRODUCT_NAME = "$(TARGET_NAME)";
				SUPPORTED_PLATFORMS = "xros xrsimulator";
				SWIFT_EMIT_LOC_STRINGS = YES;
				SWIFT_VERSION = 6.0;
				TARGETED_DEVICE_FAMILY = "1,2,7";
				XROS_DEPLOYMENT_TARGET = 1.2;
			};
			name = Release;
		};
/* End XCBuildConfiguration section */

/* Begin XCConfigurationList section */
		EA21978C2BAC520E001F86DB /* Build configuration list for PBXProject "AcrylStand" */ = {
			isa = XCConfigurationList;
			buildConfigurations = (
				EA2197A22BAC5210001F86DB /* Debug */,
				EA2197A32BAC5210001F86DB /* Release */,
			);
			defaultConfigurationIsVisible = 0;
			defaultConfigurationName = Release;
		};
		EA2197A42BAC5210001F86DB /* Build configuration list for PBXNativeTarget "AcrylStand" */ = {
			isa = XCConfigurationList;
			buildConfigurations = (
				EA2197A52BAC5210001F86DB /* Debug */,
				EA2197A62BAC5210001F86DB /* Release */,
			);
			defaultConfigurationIsVisible = 0;
			defaultConfigurationName = Release;
		};
/* End XCConfigurationList section */

/* Begin XCRemoteSwiftPackageReference section */
		EA5FABAB2C40170A0020721F /* XCRemoteSwiftPackageReference "SwiftHotReload" */ = {
			isa = XCRemoteSwiftPackageReference;
			repositoryURL = "https://github.com/banjun/SwiftHotReload";
			requirement = {
				kind = upToNextMajorVersion;
				minimumVersion = 0.1.0;
			};
		};
		EA948C622CA89B4C0003C933 /* XCRemoteSwiftPackageReference "UIBezierPath-Superpowers" */ = {
			isa = XCRemoteSwiftPackageReference;
			repositoryURL = "https://github.com/banjun/UIBezierPath-Superpowers";
			requirement = {
				branch = swift6;
				kind = branch;
			};
		};
/* End XCRemoteSwiftPackageReference section */

/* Begin XCSwiftPackageProductDependency section */
		EA2307A32C9FE27000377565 /* Acryl */ = {
			isa = XCSwiftPackageProductDependency;
			productName = Acryl;
		};
		EA5FABAC2C40170A0020721F /* SwiftHotReload */ = {
			isa = XCSwiftPackageProductDependency;
			package = EA5FABAB2C40170A0020721F /* XCRemoteSwiftPackageReference "SwiftHotReload" */;
			productName = SwiftHotReload;
		};
		EA948C632CA89B4C0003C933 /* UIBezierPath-Superpowers */ = {
			isa = XCSwiftPackageProductDependency;
			package = EA948C622CA89B4C0003C933 /* XCRemoteSwiftPackageReference "UIBezierPath-Superpowers" */;
			productName = "UIBezierPath-Superpowers";
		};
/* End XCSwiftPackageProductDependency section */
	};
	rootObject = EA2197892BAC520E001F86DB /* Project object */;
}
